github.com/gucio321/clear v0.0.0-20220329180208-b1121f7fd3b4 h1:qZ7pcVMuZSlWtwJ33c9Yuc9n8ndXwmIjAJkf2dMOaJg=
github.com/gucio321/clear v0.0.0-20220329180208-b1121f7fd3b4/go.mod h1:IJKU+jROOjZrnyaZe8LLVZtxpD2KSe8Sg0nf14/PL3c=
github.com/gucio321/clear v0.0.0-20220329180558-32e51f810cc1 h1:MH3rpvGkYdVzgu7DoJQkCR2JpNocamQhUiCok7vhVTk=
github.com/gucio321/clear v0.0.0-20220329180558-32e51f810cc1/go.mod h1:IJKU+jROOjZrnyaZe8LLVZtxpD2KSe8Sg0nf14/PL3c=
