github.com/buger/goterm v1.0.4 h1:Z9YvGmOih81P0FbVtEYTFF6YsSgxSUKEhf/f9bTMXbY=
github.com/buger/goterm v1.0.4/go.mod h1:HiFWV3xnkolgrBV3mY8m0X0Pumt4zg4QhbdOzQtB8tE=
github.com/gucio321/clear v0.0.0-20220329180208-b1121f7fd3b4 h1:qZ7pcVMuZSlWtwJ33c9Yuc9n8ndXwmIjAJkf2dMOaJg=
github.com/gucio321/clear v0.0.0-20220329180208-b1121f7fd3b4/go.mod h1:IJKU+jROOjZrnyaZe8LLVZtxpD2KSe8Sg0nf14/PL3c=
github.com/gucio321/clear v0.0.0-20220329180558-32e51f810cc1 h1:MH3rpvGkYdVzgu7DoJQkCR2JpNocamQhUiCok7vhVTk=
github.com/gucio321/clear v0.0.0-20220329180558-32e51f810cc1/go.mod h1:IJKU+jROOjZrnyaZe8LLVZtxpD2KSe8Sg0nf14/PL3c=
github.com/gucio321/go-clear v0.0.0-20220329181001-72b168602c98 h1:/7VWIsKMVnxKtQLH0VihXwKRSt7Ok7waOTiwLDhkrPY=
github.com/gucio321/go-clear v0.0.0-20220329181001-72b168602c98/go.mod h1:Xm/wQZRCx4k+rLPM9IxvqPnueWFDldsp6T1S6dz/lFs=
github.com/gucio321/go-clear v0.0.0-20220330151556-7267606c5116 h1:iSQuLDuuHTewgToZ0D2FcsVdlmaN+tqidDkTZ+eUlfU=
github.com/gucio321/go-clear v0.0.0-20220330151556-7267606c5116/go.mod h1:Xm/wQZRCx4k+rLPM9IxvqPnueWFDldsp6T1S6dz/lFs=
golang.org/x/sys v0.0.0-20210331175145-43e1dd70ce54/go.mod h1:h1NjWce9XRLGQEsW7wpKNCjG9DtNlClVuFLEZdDNbEs=
golang.org/x/sys v0.0.0-20210615035016-665e8c7367d1 h1:SrN+KX8Art/Sf4HNj6Zcz06G7VEz+7w9tdXTPOZ7+l4=
golang.org/x/sys v0.0.0-20210615035016-665e8c7367d1/go.mod h1:oPkhp1MJrh7nUepCBck5+mAzfO9JrbApNNgaTdGDITg=
golang.org/x/term v0.0.0-20210927222741-03fcf44c2211 h1:JGgROgKl9N8DuW20oFS5gxc+lE67/N3FcwmBPMe7ArY=
golang.org/x/term v0.0.0-20210927222741-03fcf44c2211/go.mod h1:jbD1KX2456YbFQfuXm/mYQcufACuNUgVhRMnK/tPxf8=
